
Microsoft Visual Studio Solution File, Format Version 12.00
# Visual Studio Version 17
VisualStudioVersion = 17.8.34330.188
MinimumVisualStudioVersion = 10.0.40219.1
Project("{FAE04EC0-301F-11D3-BF4B-00C04F79EFBC}") = "66bitTest", "66bitTest\66bitTest.csproj", "{F8645891-5982-4D97-9053-C6CEB20F126A}"
EndProject
Global
	GlobalSection(SolutionConfigurationPlatforms) = preSolution
		Debug|Any CPU = Debug|Any CPU
		Release|Any CPU = Release|Any CPU
	EndGlobalSection
	GlobalSection(ProjectConfigurationPlatforms) = postSolution
		{F8645891-5982-4D97-9053-C6CEB20F126A}.Debug|Any CPU.ActiveCfg = Debug|Any CPU
		{F8645891-5982-4D97-9053-C6CEB20F126A}.Debug|Any CPU.Build.0 = Debug|Any CPU
		{F8645891-5982-4D97-9053-C6CEB20F126A}.Release|Any CPU.ActiveCfg = Release|Any CPU
		{F8645891-5982-4D97-9053-C6CEB20F126A}.Release|Any CPU.Build.0 = Release|Any CPU
	EndGlobalSection
	GlobalSection(SolutionProperties) = preSolution
		HideSolutionNode = FALSE
	EndGlobalSection
	GlobalSection(ExtensibilityGlobals) = postSolution
		SolutionGuid = {E705BDB3-63A9-4E7D-A8D6-34F40D1C2915}
	EndGlobalSection
EndGlobal
